
Microsoft Visual Studio Solution File, Format Version 12.00
# Visual Studio Version 17
VisualStudioVersion = 17.0.32014.148
MinimumVisualStudioVersion = 10.0.40219.1
Project("{FAE04EC0-301F-11D3-BF4B-00C04F79EFBC}") = "xadrez_console", "xadrez_console\xadrez_console.csproj", "{09A0084F-4B58-4DFC-9BBE-920A35CE563C}"
EndProject
Global
	GlobalSection(SolutionConfigurationPlatforms) = preSolution
		Debug|Any CPU = Debug|Any CPU
		Release|Any CPU = Release|Any CPU
	EndGlobalSection
	GlobalSection(ProjectConfigurationPlatforms) = postSolution
		{09A0084F-4B58-4DFC-9BBE-920A35CE563C}.Debug|Any CPU.ActiveCfg = Debug|Any CPU
		{09A0084F-4B58-4DFC-9BBE-920A35CE563C}.Debug|Any CPU.Build.0 = Debug|Any CPU
		{09A0084F-4B58-4DFC-9BBE-920A35CE563C}.Release|Any CPU.ActiveCfg = Release|Any CPU
		{09A0084F-4B58-4DFC-9BBE-920A35CE563C}.Release|Any CPU.Build.0 = Release|Any CPU
	EndGlobalSection
	GlobalSection(SolutionProperties) = preSolution
		HideSolutionNode = FALSE
	EndGlobalSection
	GlobalSection(ExtensibilityGlobals) = postSolution
		SolutionGuid = {FE5A305B-6CAA-4699-9BF3-B033FCFE26F4}
	EndGlobalSection
EndGlobal
